{
  "pins" : [
    {
      "identity" : "keyboardkit",
      "kind" : "remoteSourceControl",
      "location" : "https://github.com/richwagstaff/KeyboardKit",
      "state" : {
        "branch" : "main",
        "revision" : "f6285e09f77e61f5c1a0b50acd231c42739d0125"
      }
    },
    {
      "identity" : "puzzlestarappui",
      "kind" : "remoteSourceControl",
      "location" : "https://github.com/richwagstaff/PuzzlestarAppUI",
      "state" : {
        "branch" : "main",
        "revision" : "4bd3440f74ce69a8db4a51998e24a22692007397"
      }
    },
    {
      "identity" : "snapkit",
      "kind" : "remoteSourceControl",
      "location" : "https://github.com/SnapKit/SnapKit",
      "state" : {
        "revision" : "2842e6e84e82eb9a8dac0100ca90d9444b0307f4",
        "version" : "5.7.1"
      }
    }
  ],
  "version" : 2
}
